
Microsoft Visual Studio Solution File, Format Version 12.00
# Visual Studio 15
VisualStudioVersion = 15.0.27703.2000
MinimumVisualStudioVersion = 10.0.40219.1
Project("{E24C65DC-7377-472B-9ABA-BC803B73C61A}") = "Shipment", "Shipment\", "{BAED692D-195F-401B-A7A0-1CA0C7543136}"
	ProjectSection(WebsiteProperties) = preProject
		TargetFrameworkMoniker = ".NETFramework,Version%3Dv4.0"
		Debug.AspNetCompiler.VirtualPath = "/localhost_7061"
		Debug.AspNetCompiler.PhysicalPath = "Shipment\"
		Debug.AspNetCompiler.TargetPath = "PrecompiledWeb\localhost_7061\"
		Debug.AspNetCompiler.Updateable = "true"
		Debug.AspNetCompiler.ForceOverwrite = "true"
		Debug.AspNetCompiler.FixedNames = "false"
		Debug.AspNetCompiler.Debug = "True"
		Release.AspNetCompiler.VirtualPath = "/localhost_7061"
		Release.AspNetCompiler.PhysicalPath = "Shipment\"
		Release.AspNetCompiler.TargetPath = "PrecompiledWeb\localhost_7061\"
		Release.AspNetCompiler.Updateable = "true"
		Release.AspNetCompiler.ForceOverwrite = "true"
		Release.AspNetCompiler.FixedNames = "false"
		Release.AspNetCompiler.Debug = "False"
		VWDPort = "7061"
		SlnRelativePath = "Shipment\"
	EndProjectSection
EndProject
Global
	GlobalSection(SolutionConfigurationPlatforms) = preSolution
		Debug|Any CPU = Debug|Any CPU
		Release|Any CPU = Release|Any CPU
	EndGlobalSection
	GlobalSection(ProjectConfigurationPlatforms) = postSolution
		{BAED692D-195F-401B-A7A0-1CA0C7543136}.Debug|Any CPU.ActiveCfg = Debug|Any CPU
		{BAED692D-195F-401B-A7A0-1CA0C7543136}.Debug|Any CPU.Build.0 = Debug|Any CPU
		{BAED692D-195F-401B-A7A0-1CA0C7543136}.Release|Any CPU.ActiveCfg = Debug|Any CPU
		{BAED692D-195F-401B-A7A0-1CA0C7543136}.Release|Any CPU.Build.0 = Debug|Any CPU
	EndGlobalSection
	GlobalSection(SolutionProperties) = preSolution
		HideSolutionNode = FALSE
	EndGlobalSection
	GlobalSection(ExtensibilityGlobals) = postSolution
		SolutionGuid = {6D1299D0-FBAF-4367-B407-0D5B7B43C0B5}
	EndGlobalSection
EndGlobal
